
Microsoft Visual Studio Solution File, Format Version 12.00
# Visual Studio 2012
Project("{FAE04EC0-301F-11D3-BF4B-00C04F79EFBC}") = "GiftStoreApp", "GiftStoreApp\GiftStoreApp.csproj", "{6B012BF0-ADD2-4F0D-A3DF-6D4211491512}"
EndProject
Global
	GlobalSection(SolutionConfigurationPlatforms) = preSolution
		Debug|Any CPU = Debug|Any CPU
		Release|Any CPU = Release|Any CPU
	EndGlobalSection
	GlobalSection(ProjectConfigurationPlatforms) = postSolution
		{6B012BF0-ADD2-4F0D-A3DF-6D4211491512}.Debug|Any CPU.ActiveCfg = Debug|Any CPU
		{6B012BF0-ADD2-4F0D-A3DF-6D4211491512}.Debug|Any CPU.Build.0 = Debug|Any CPU
		{6B012BF0-ADD2-4F0D-A3DF-6D4211491512}.Release|Any CPU.ActiveCfg = Release|Any CPU
		{6B012BF0-ADD2-4F0D-A3DF-6D4211491512}.Release|Any CPU.Build.0 = Release|Any CPU
	EndGlobalSection
EndGlobal
